
Microsoft Visual Studio Solution File, Format Version 12.00
# Visual Studio Version 16
VisualStudioVersion = 16.0.33529.622
MinimumVisualStudioVersion = 10.0.40219.1
Project("{FAE04EC0-301F-11D3-BF4B-00C04F79EFBC}") = "HW_3", "HW_3\HW_3.csproj", "{42795CB8-53FC-4578-A36D-47E92686225B}"
EndProject
Global
	GlobalSection(SolutionConfigurationPlatforms) = preSolution
		Debug|Any CPU = Debug|Any CPU
		Release|Any CPU = Release|Any CPU
	EndGlobalSection
	GlobalSection(ProjectConfigurationPlatforms) = postSolution
		{42795CB8-53FC-4578-A36D-47E92686225B}.Debug|Any CPU.ActiveCfg = Debug|Any CPU
		{42795CB8-53FC-4578-A36D-47E92686225B}.Debug|Any CPU.Build.0 = Debug|Any CPU
		{42795CB8-53FC-4578-A36D-47E92686225B}.Release|Any CPU.ActiveCfg = Release|Any CPU
		{42795CB8-53FC-4578-A36D-47E92686225B}.Release|Any CPU.Build.0 = Release|Any CPU
	EndGlobalSection
	GlobalSection(SolutionProperties) = preSolution
		HideSolutionNode = FALSE
	EndGlobalSection
	GlobalSection(ExtensibilityGlobals) = postSolution
		SolutionGuid = {3DEF3324-89FA-43A6-8B6F-D00ABAD7E543}
	EndGlobalSection
EndGlobal
